
Microsoft Visual Studio Solution File, Format Version 12.00
# Visual Studio Version 17
VisualStudioVersion = 17.4.33213.308
MinimumVisualStudioVersion = 10.0.40219.1
Project("{FAE04EC0-301F-11D3-BF4B-00C04F79EFBC}") = "ClinicaFB", "ClinicaFB\ClinicaFB.csproj", "{836828B4-0765-4335-8A42-F042F947414D}"
EndProject
Global
	GlobalSection(SolutionConfigurationPlatforms) = preSolution
		Debug|Any CPU = Debug|Any CPU
		Debug|x86 = Debug|x86
		Release|Any CPU = Release|Any CPU
		Release|x86 = Release|x86
	EndGlobalSection
	GlobalSection(ProjectConfigurationPlatforms) = postSolution
		{836828B4-0765-4335-8A42-F042F947414D}.Debug|Any CPU.ActiveCfg = Debug|Any CPU
		{836828B4-0765-4335-8A42-F042F947414D}.Debug|Any CPU.Build.0 = Debug|Any CPU
		{836828B4-0765-4335-8A42-F042F947414D}.Debug|x86.ActiveCfg = Debug|x86
		{836828B4-0765-4335-8A42-F042F947414D}.Debug|x86.Build.0 = Debug|x86
		{836828B4-0765-4335-8A42-F042F947414D}.Release|Any CPU.ActiveCfg = Release|Any CPU
		{836828B4-0765-4335-8A42-F042F947414D}.Release|Any CPU.Build.0 = Release|Any CPU
		{836828B4-0765-4335-8A42-F042F947414D}.Release|x86.ActiveCfg = Release|x86
		{836828B4-0765-4335-8A42-F042F947414D}.Release|x86.Build.0 = Release|x86
	EndGlobalSection
	GlobalSection(SolutionProperties) = preSolution
		HideSolutionNode = FALSE
	EndGlobalSection
	GlobalSection(ExtensibilityGlobals) = postSolution
		SolutionGuid = {761897FA-0100-4A8B-AA21-E002951F20C1}
	EndGlobalSection
EndGlobal
