
Microsoft Visual Studio Solution File, Format Version 12.00
# Visual Studio Version 17
VisualStudioVersion = 17.4.33213.308
MinimumVisualStudioVersion = 10.0.40219.1
Project("{FAE04EC0-301F-11D3-BF4B-00C04F79EFBC}") = "ClinicaFB", "ClinicaFB\ClinicaFB.csproj", "{259AB868-78B4-4D17-9654-C19A929017F4}"
EndProject
Global
	GlobalSection(SolutionConfigurationPlatforms) = preSolution
		Debug|Any CPU = Debug|Any CPU
		Release|Any CPU = Release|Any CPU
	EndGlobalSection
	GlobalSection(ProjectConfigurationPlatforms) = postSolution
		{259AB868-78B4-4D17-9654-C19A929017F4}.Debug|Any CPU.ActiveCfg = Debug|Any CPU
		{259AB868-78B4-4D17-9654-C19A929017F4}.Debug|Any CPU.Build.0 = Debug|Any CPU
		{259AB868-78B4-4D17-9654-C19A929017F4}.Release|Any CPU.ActiveCfg = Release|Any CPU
		{259AB868-78B4-4D17-9654-C19A929017F4}.Release|Any CPU.Build.0 = Release|Any CPU
	EndGlobalSection
	GlobalSection(SolutionProperties) = preSolution
		HideSolutionNode = FALSE
	EndGlobalSection
	GlobalSection(ExtensibilityGlobals) = postSolution
		SolutionGuid = {761897FA-0100-4A8B-AA21-E002951F20C1}
	EndGlobalSection
EndGlobal
